#MicroXplorer Configuration settings - do not modify
Mcu.Family=STM32F0
ProjectManager.MainLocation=Core/Src
ProjectManager.ProjectFileName=SpinLauncherController.ioc
PB8.GPIOParameters=GPIO_PuPd
ProjectManager.KeepUserCode=true
Mcu.UserName=STM32F042C6Tx
Mcu.PinsNb=7
ProjectManager.NoMain=false
CAN.CalculateBaudRate=20000
RCC.PLLCLKFreq_Value=16000000
ProjectManager.functionlistsort=1-MX_GPIO_Init-GPIO-false-HAL-true,2-SystemClock_Config-RCC-false-HAL-false,3-MX_CAN_Init-CAN-false-HAL-true
PB8.GPIO_PuPd=GPIO_PULLUP
PA11.GPIOParameters=GPIO_Label
PA11.GPIO_Label=Ignite
ProjectManager.DefaultFWLocation=true
NVIC.SVC_IRQn=true\:0\:0\:false\:false\:true\:false\:false
ProjectManager.DeletePrevious=true
CAN.CalculateTimeBit=50000.00
PinOutPanel.RotationAngle=0
RCC.FamilyName=M
ProjectManager.StackSize=0x400
Mcu.IP2=RCC
Mcu.IP3=SYS
PB4.GPIOParameters=GPIO_Label
Mcu.IP0=CAN
PA11.Locked=true
Mcu.IP1=NVIC
CAN.BS2=CAN_BS2_2TQ
CAN.BS1=CAN_BS1_13TQ
CAN.Prescaler=25
PA8.GPIO_Label=Button
Mcu.UserConstants=
ProjectManager.TargetToolchain=STM32CubeIDE
Mcu.ThirdPartyNb=0
Mcu.IPNb=4
ProjectManager.PreviousToolchain=
PB9.Mode=CAN_Activate
PA8.GPIOParameters=GPIO_Label
Mcu.Pin6=VP_SYS_VS_Systick
ProjectManager.RegisterCallBack=
PA1.Signal=GPIO_Output
Mcu.Pin0=PA1
Mcu.Pin1=PA8
GPIO.groupedBy=Group By Peripherals
Mcu.Pin2=PA11
Mcu.Pin3=PB4
Mcu.Pin4=PB8
Mcu.Pin5=PB9
ProjectManager.ProjectBuild=false
PA8.Locked=true
board=custom
NVIC.SysTick_IRQn=true\:0\:0\:true\:false\:true\:false\:true
ProjectManager.LastFirmware=true
RCC.VCOOutput2Freq_Value=8000000
ProjectManager.FirmwarePackage=STM32Cube FW_F0 V1.11.2
MxDb.Version=DB.6.0.21
PA1.GPIOParameters=GPIO_Label
ProjectManager.BackupPrevious=false
MxCube.Version=6.2.1
PB4.GPIO_Label=Arm
File.Version=6
VP_SYS_VS_Systick.Mode=SysTick
PA1.GPIO_Label=LED
PA8.Signal=GPIO_Input
PB8.Locked=true
NVIC.NonMaskableInt_IRQn=true\:0\:0\:false\:false\:true\:false\:false
CAN.IPParameters=CalculateTimeQuantum,Prescaler,BS2,BS1,CalculateTimeBit,CalculateBaudRate
NVIC.PendSV_IRQn=true\:0\:0\:true\:false\:true\:false\:false
ProjectManager.FreePins=false
RCC.IPParameters=CECFreq_Value,FamilyName,HSICECFreq_Value,PLLCLKFreq_Value,PLLMCOFreq_Value,TimSysFreq_Value,VCOOutput2Freq_Value
ProjectManager.AskForMigrate=true
Mcu.Name=STM32F042C(4-6)Tx
CAN.CalculateTimeQuantum=3125.0
ProjectManager.HalAssertFull=false
ProjectManager.ProjectName=SpinLauncherController
ProjectManager.UnderRoot=true
RCC.HSICECFreq_Value=32786.88524590164
RCC.PLLMCOFreq_Value=16000000
ProjectManager.CoupleFile=false
PB4.Locked=true
NVIC.CEC_CAN_IRQn=true\:1\:0\:true\:false\:true\:true\:true
Mcu.Package=LQFP48
PB9.Signal=CAN_TX
RCC.TimSysFreq_Value=8000000
PA1.Locked=true
NVIC.ForceEnableDMAVector=true
KeepUserPlacement=false
ProjectManager.CompilerOptimize=6
ProjectManager.ToolChainLocation=
VP_SYS_VS_Systick.Signal=SYS_VS_Systick
PA11.Signal=GPIO_Output
ProjectManager.HeapSize=0x200
NVIC.HardFault_IRQn=true\:0\:0\:false\:false\:true\:false\:false
ProjectManager.ComputerToolchain=false
PB8.Mode=CAN_Activate
RCC.CECFreq_Value=32786.88524590164
PB8.Signal=CAN_RX
ProjectManager.CustomerFirmwarePackage=
ProjectManager.DeviceId=STM32F042C6Tx
ProjectManager.LibraryCopy=1
PB4.Signal=GPIO_Input
isbadioc=false
